
Microsoft Visual Studio Solution File, Format Version 12.00
# Visual Studio 15
VisualStudioVersion = 15.0.27428.2015
MinimumVisualStudioVersion = 10.0.40219.1
Project("{FAE04EC0-301F-11D3-BF4B-00C04F79EFBC}") = "AppImgEditingMultipart", "AppImgEditingMultipart\AppImgEditingMultipart.csproj", "{51079611-73D7-4005-B866-593A91CB654B}"
EndProject
Global
	GlobalSection(SolutionConfigurationPlatforms) = preSolution
		Debug|Any CPU = Debug|Any CPU
		Release|Any CPU = Release|Any CPU
	EndGlobalSection
	GlobalSection(ProjectConfigurationPlatforms) = postSolution
		{51079611-73D7-4005-B866-593A91CB654B}.Debug|Any CPU.ActiveCfg = Debug|Any CPU
		{51079611-73D7-4005-B866-593A91CB654B}.Debug|Any CPU.Build.0 = Debug|Any CPU
		{51079611-73D7-4005-B866-593A91CB654B}.Debug|Any CPU.Deploy.0 = Debug|Any CPU
		{51079611-73D7-4005-B866-593A91CB654B}.Release|Any CPU.ActiveCfg = Release|Any CPU
		{51079611-73D7-4005-B866-593A91CB654B}.Release|Any CPU.Build.0 = Release|Any CPU
		{51079611-73D7-4005-B866-593A91CB654B}.Release|Any CPU.Deploy.0 = Release|Any CPU
	EndGlobalSection
	GlobalSection(SolutionProperties) = preSolution
		HideSolutionNode = FALSE
	EndGlobalSection
	GlobalSection(ExtensibilityGlobals) = postSolution
		SolutionGuid = {2EA762CA-59E4-4365-9C85-3C2B623C5B50}
	EndGlobalSection
EndGlobal
